
Microsoft Visual Studio Solution File, Format Version 12.00
# Visual Studio Version 17
VisualStudioVersion = 17.2.32516.85
MinimumVisualStudioVersion = 10.0.40219.1
Project("{9A19103F-16F7-4668-BE54-9A1E7A4F7556}") = "Task3-Template", "Task3-Template.csproj", "{8D9CE9D8-9E72-4C50-9478-8E6F039D66F4}"
EndProject
Global
	GlobalSection(SolutionConfigurationPlatforms) = preSolution
		Debug|Any CPU = Debug|Any CPU
		Release|Any CPU = Release|Any CPU
	EndGlobalSection
	GlobalSection(ProjectConfigurationPlatforms) = postSolution
		{8D9CE9D8-9E72-4C50-9478-8E6F039D66F4}.Debug|Any CPU.ActiveCfg = Debug|Any CPU
		{8D9CE9D8-9E72-4C50-9478-8E6F039D66F4}.Debug|Any CPU.Build.0 = Debug|Any CPU
		{8D9CE9D8-9E72-4C50-9478-8E6F039D66F4}.Release|Any CPU.ActiveCfg = Release|Any CPU
		{8D9CE9D8-9E72-4C50-9478-8E6F039D66F4}.Release|Any CPU.Build.0 = Release|Any CPU
	EndGlobalSection
	GlobalSection(SolutionProperties) = preSolution
		HideSolutionNode = FALSE
	EndGlobalSection
	GlobalSection(ExtensibilityGlobals) = postSolution
		SolutionGuid = {5C797591-10AF-4DFA-B565-96045C0A7536}
	EndGlobalSection
EndGlobal
