
Microsoft Visual Studio Solution File, Format Version 12.00
# Visual Studio Version 17
VisualStudioVersion = 17.2.32516.85
MinimumVisualStudioVersion = 10.0.40219.1
Project("{FAE04EC0-301F-11D3-BF4B-00C04F79EFBC}") = "WcfAddClient", "WcfAddClient.csproj", "{80F4A713-FD48-4684-9FA1-8D013DC9B84B}"
EndProject
Global
	GlobalSection(SolutionConfigurationPlatforms) = preSolution
		Debug|Any CPU = Debug|Any CPU
		Release|Any CPU = Release|Any CPU
	EndGlobalSection
	GlobalSection(ProjectConfigurationPlatforms) = postSolution
		{80F4A713-FD48-4684-9FA1-8D013DC9B84B}.Debug|Any CPU.ActiveCfg = Debug|Any CPU
		{80F4A713-FD48-4684-9FA1-8D013DC9B84B}.Debug|Any CPU.Build.0 = Debug|Any CPU
		{80F4A713-FD48-4684-9FA1-8D013DC9B84B}.Release|Any CPU.ActiveCfg = Release|Any CPU
		{80F4A713-FD48-4684-9FA1-8D013DC9B84B}.Release|Any CPU.Build.0 = Release|Any CPU
	EndGlobalSection
	GlobalSection(SolutionProperties) = preSolution
		HideSolutionNode = FALSE
	EndGlobalSection
	GlobalSection(ExtensibilityGlobals) = postSolution
		SolutionGuid = {97042168-BFEC-4156-BD7D-5CFD6B9550CA}
	EndGlobalSection
EndGlobal
